// !$*UTF8*$!
{
	archiveVersion = 1;
	classes = {
	};
	objectVersion = 56;
	objects = {

/* Begin PBXBuildFile section */
		223C6CD92F50405900BCC29D /* BusTicketBookingApp.swift in Sources */ = {isa = PBXBuildFile; fileRef = 223C6CD82F50405900BCC29D /* BusTicketBookingApp.swift */; };
		223C6CDB2F50405900BCC29D /* ContentView.swift in Sources */ = {isa = PBXBuildFile; fileRef = 223C6CDA2F50405900BCC29D /* ContentView.swift */; };
		223C6CDD2F50405A00BCC29D /* Assets.xcassets in Resources */ = {isa = PBXBuildFile; fileRef = 223C6CDC2F50405A00BCC29D /* Assets.xcassets */; };
		223C6CE12F50405A00BCC29D /* Preview Assets.xcassets in Resources */ = {isa = PBXBuildFile; fileRef = 223C6CE02F50405A00BCC29D /* Preview Assets.xcassets */; };
		223C6CEB2F50405B00BCC29D /* BusTicketBookingTests.swift in Sources */ = {isa = PBXBuildFile; fileRef = 223C6CEA2F50405B00BCC29D /* BusTicketBookingTests.swift */; };
		223C6CF52F50405B00BCC29D /* BusTicketBookingUITests.swift in Sources */ = {isa = PBXBuildFile; fileRef = 223C6CF42F50405B00BCC29D /* BusTicketBookingUITests.swift */; };
		223C6CF72F50405B00BCC29D /* BusTicketBookingUITestsLaunchTests.swift in Sources */ = {isa = PBXBuildFile; fileRef = 223C6CF62F50405B00BCC29D /* BusTicketBookingUITestsLaunchTests.swift */; };
		223C6D042F5040E400BCC29D /* MainTabView.swift in Sources */ = {isa = PBXBuildFile; fileRef = 223C6D032F5040E400BCC29D /* MainTabView.swift */; };
		223C6D072F50410A00BCC29D /* HomeView.swift in Sources */ = {isa = PBXBuildFile; fileRef = 223C6D062F50410A00BCC29D /* HomeView.swift */; };
		223C6D092F50411B00BCC29D /* OffersView.swift in Sources */ = {isa = PBXBuildFile; fileRef = 223C6D082F50411B00BCC29D /* OffersView.swift */; };
		223C6D0B2F50413700BCC29D /* TicketsView.swift in Sources */ = {isa = PBXBuildFile; fileRef = 223C6D0A2F50413700BCC29D /* TicketsView.swift */; };
		223C6D0D2F50414400BCC29D /* MoreView.swift in Sources */ = {isa = PBXBuildFile; fileRef = 223C6D0C2F50414400BCC29D /* MoreView.swift */; };
		223C6D102F5042AF00BCC29D /* BannerView.swift in Sources */ = {isa = PBXBuildFile; fileRef = 223C6D0F2F5042AF00BCC29D /* BannerView.swift */; };
		223C6D122F5042C700BCC29D /* RouteCardView.swift in Sources */ = {isa = PBXBuildFile; fileRef = 223C6D112F5042C700BCC29D /* RouteCardView.swift */; };
		223C6D142F5042D400BCC29D /* Theme.swift in Sources */ = {isa = PBXBuildFile; fileRef = 223C6D132F5042D400BCC29D /* Theme.swift */; };
		223C6D172F5042F000BCC29D /* Route.swift in Sources */ = {isa = PBXBuildFile; fileRef = 223C6D162F5042F000BCC29D /* Route.swift */; };
		223C6D192F5050A000BCC29D /* AuthViewModel.swift in Sources */ = {isa = PBXBuildFile; fileRef = 223C6D182F5050A000BCC29D /* AuthViewModel.swift */; };
		223C6D1B2F5050B000BCC29D /* UserModel.swift in Sources */ = {isa = PBXBuildFile; fileRef = 223C6D1A2F5050B000BCC29D /* UserModel.swift */; };
		223C6D1D2F5050C000BCC29D /* SignUpView.swift in Sources */ = {isa = PBXBuildFile; fileRef = 223C6D1C2F5050C000BCC29D /* SignUpView.swift */; };
		223C6D1F2F5050D000BCC29D /* SignInView.swift in Sources */ = {isa = PBXBuildFile; fileRef = 223C6D1E2F5050D000BCC29D /* SignInView.swift */; };
		223C6D212F5050E000BCC29D /* ForgotPasswordView.swift in Sources */ = {isa = PBXBuildFile; fileRef = 223C6D202F5050E000BCC29D /* ForgotPasswordView.swift */; };
		223C6D232F5050F000BCC29D /* ChangePasswordView.swift in Sources */ = {isa = PBXBuildFile; fileRef = 223C6D222F5050F000BCC29D /* ChangePasswordView.swift */; };
		223C6D252F50510000BCC29D /* ProfileView.swift in Sources */ = {isa = PBXBuildFile; fileRef = 223C6D242F50510000BCC29D /* ProfileView.swift */; };
		223C6D2E2F50516000BCC29D /* NotificationPreferencesView.swift in Sources */ = {isa = PBXBuildFile; fileRef = 223C6D2F2F50516000BCC29D /* NotificationPreferencesView.swift */; };
		2295F6F52F57DFF0000425DF /* FirebaseAnalytics in Frameworks */ = {isa = PBXBuildFile; productRef = 2295F6F42F57DFF0000425DF /* FirebaseAnalytics */; };
		2295F6F72F57DFF0000425DF /* FirebaseAnalyticsSwift in Frameworks */ = {isa = PBXBuildFile; productRef = 2295F6F62F57DFF0000425DF /* FirebaseAnalyticsSwift */; };
		2295F6F92F57DFF0000425DF /* FirebaseAuth in Frameworks */ = {isa = PBXBuildFile; productRef = 2295F6F82F57DFF0000425DF /* FirebaseAuth */; };
		2295F6FB2F57DFF0000425DF /* FirebaseDatabase in Frameworks */ = {isa = PBXBuildFile; productRef = 2295F6FA2F57DFF0000425DF /* FirebaseDatabase */; };
		2295F6FD2F57DFF0000425DF /* FirebaseDatabaseSwift in Frameworks */ = {isa = PBXBuildFile; productRef = 2295F6FC2F57DFF0000425DF /* FirebaseDatabaseSwift */; };
		2295F6FF2F57DFF0000425DF /* FirebaseFirestore in Frameworks */ = {isa = PBXBuildFile; productRef = 2295F6FE2F57DFF0000425DF /* FirebaseFirestore */; };
		2295F7012F57DFF0000425DF /* FirebaseFirestoreSwift in Frameworks */ = {isa = PBXBuildFile; productRef = 2295F7002F57DFF0000425DF /* FirebaseFirestoreSwift */; };
		2295F7032F57DFF0000425DF /* FirebaseStorage in Frameworks */ = {isa = PBXBuildFile; productRef = 2295F7022F57DFF0000425DF /* FirebaseStorage */; };
		2295F7052F57E036000425DF /* GoogleService-Info.plist in Resources */ = {isa = PBXBuildFile; fileRef = 2295F7042F57E036000425DF /* GoogleService-Info.plist */; };
/* End PBXBuildFile section */

/* Begin PBXContainerItemProxy section */
		223C6CE72F50405B00BCC29D /* PBXContainerItemProxy */ = {
			isa = PBXContainerItemProxy;
			containerPortal = 223C6CCD2F50405900BCC29D /* Project object */;
			proxyType = 1;
			remoteGlobalIDString = 223C6CD42F50405900BCC29D;
			remoteInfo = BusTicketBooking;
		};
		223C6CF12F50405B00BCC29D /* PBXContainerItemProxy */ = {
			isa = PBXContainerItemProxy;
			containerPortal = 223C6CCD2F50405900BCC29D /* Project object */;
			proxyType = 1;
			remoteGlobalIDString = 223C6CD42F50405900BCC29D;
			remoteInfo = BusTicketBooking;
		};
/* End PBXContainerItemProxy section */

/* Begin PBXFileReference section */
		223C6CD52F50405900BCC29D /* BusTicketBooking.app */ = {isa = PBXFileReference; explicitFileType = wrapper.application; includeInIndex = 0; path = BusTicketBooking.app; sourceTree = BUILT_PRODUCTS_DIR; };
		223C6CD82F50405900BCC29D /* BusTicketBookingApp.swift */ = {isa = PBXFileReference; lastKnownFileType = sourcecode.swift; path = BusTicketBookingApp.swift; sourceTree = "<group>"; };
		223C6CDA2F50405900BCC29D /* ContentView.swift */ = {isa = PBXFileReference; lastKnownFileType = sourcecode.swift; path = ContentView.swift; sourceTree = "<group>"; };
		223C6CDC2F50405A00BCC29D /* Assets.xcassets */ = {isa = PBXFileReference; lastKnownFileType = folder.assetcatalog; path = Assets.xcassets; sourceTree = "<group>"; };
		223C6CDE2F50405A00BCC29D /* BusTicketBooking.entitlements */ = {isa = PBXFileReference; lastKnownFileType = text.plist.entitlements; path = BusTicketBooking.entitlements; sourceTree = "<group>"; };
		223C6CE02F50405A00BCC29D /* Preview Assets.xcassets */ = {isa = PBXFileReference; lastKnownFileType = folder.assetcatalog; path = "Preview Assets.xcassets"; sourceTree = "<group>"; };
		223C6CE62F50405B00BCC29D /* BusTicketBookingTests.xctest */ = {isa = PBXFileReference; explicitFileType = wrapper.cfbundle; includeInIndex = 0; path = BusTicketBookingTests.xctest; sourceTree = BUILT_PRODUCTS_DIR; };
		223C6CEA2F50405B00BCC29D /* BusTicketBookingTests.swift */ = {isa = PBXFileReference; lastKnownFileType = sourcecode.swift; path = BusTicketBookingTests.swift; sourceTree = "<group>"; };
		223C6CF02F50405B00BCC29D /* BusTicketBookingUITests.xctest */ = {isa = PBXFileReference; explicitFileType = wrapper.cfbundle; includeInIndex = 0; path = BusTicketBookingUITests.xctest; sourceTree = BUILT_PRODUCTS_DIR; };
		223C6CF42F50405B00BCC29D /* BusTicketBookingUITests.swift */ = {isa = PBXFileReference; lastKnownFileType = sourcecode.swift; path = BusTicketBookingUITests.swift; sourceTree = "<group>"; };
		223C6CF62F50405B00BCC29D /* BusTicketBookingUITestsLaunchTests.swift */ = {isa = PBXFileReference; lastKnownFileType = sourcecode.swift; path = BusTicketBookingUITestsLaunchTests.swift; sourceTree = "<group>"; };
		223C6D032F5040E400BCC29D /* MainTabView.swift */ = {isa = PBXFileReference; lastKnownFileType = sourcecode.swift; path = MainTabView.swift; sourceTree = "<group>"; };
		223C6D062F50410A00BCC29D /* HomeView.swift */ = {isa = PBXFileReference; lastKnownFileType = sourcecode.swift; path = HomeView.swift; sourceTree = "<group>"; };
		223C6D082F50411B00BCC29D /* OffersView.swift */ = {isa = PBXFileReference; lastKnownFileType = sourcecode.swift; path = OffersView.swift; sourceTree = "<group>"; };
		223C6D0A2F50413700BCC29D /* TicketsView.swift */ = {isa = PBXFileReference; lastKnownFileType = sourcecode.swift; path = TicketsView.swift; sourceTree = "<group>"; };
		223C6D0C2F50414400BCC29D /* MoreView.swift */ = {isa = PBXFileReference; lastKnownFileType = sourcecode.swift; path = MoreView.swift; sourceTree = "<group>"; };
		223C6D0F2F5042AF00BCC29D /* BannerView.swift */ = {isa = PBXFileReference; lastKnownFileType = sourcecode.swift; path = BannerView.swift; sourceTree = "<group>"; };
		223C6D112F5042C700BCC29D /* RouteCardView.swift */ = {isa = PBXFileReference; lastKnownFileType = sourcecode.swift; path = RouteCardView.swift; sourceTree = "<group>"; };
		223C6D132F5042D400BCC29D /* Theme.swift */ = {isa = PBXFileReference; lastKnownFileType = sourcecode.swift; path = Theme.swift; sourceTree = "<group>"; };
		223C6D162F5042F000BCC29D /* Route.swift */ = {isa = PBXFileReference; lastKnownFileType = sourcecode.swift; path = Route.swift; sourceTree = "<group>"; };
		223C6D182F5050A000BCC29D /* AuthViewModel.swift */ = {isa = PBXFileReference; lastKnownFileType = sourcecode.swift; path = AuthViewModel.swift; sourceTree = "<group>"; };
		223C6D1A2F5050B000BCC29D /* UserModel.swift */ = {isa = PBXFileReference; lastKnownFileType = sourcecode.swift; path = UserModel.swift; sourceTree = "<group>"; };
		223C6D1C2F5050C000BCC29D /* SignUpView.swift */ = {isa = PBXFileReference; lastKnownFileType = sourcecode.swift; path = SignUpView.swift; sourceTree = "<group>"; };
		223C6D1E2F5050D000BCC29D /* SignInView.swift */ = {isa = PBXFileReference; lastKnownFileType = sourcecode.swift; path = SignInView.swift; sourceTree = "<group>"; };
		223C6D202F5050E000BCC29D /* ForgotPasswordView.swift */ = {isa = PBXFileReference; lastKnownFileType = sourcecode.swift; path = ForgotPasswordView.swift; sourceTree = "<group>"; };
		223C6D222F5050F000BCC29D /* ChangePasswordView.swift */ = {isa = PBXFileReference; lastKnownFileType = sourcecode.swift; path = ChangePasswordView.swift; sourceTree = "<group>"; };
		223C6D242F50510000BCC29D /* ProfileView.swift */ = {isa = PBXFileReference; lastKnownFileType = sourcecode.swift; path = ProfileView.swift; sourceTree = "<group>"; };
		223C6D2F2F50516000BCC29D /* NotificationPreferencesView.swift */ = {isa = PBXFileReference; lastKnownFileType = sourcecode.swift; path = NotificationPreferencesView.swift; sourceTree = "<group>"; };
		2295F7042F57E036000425DF /* GoogleService-Info.plist */ = {isa = PBXFileReference; fileEncoding = 4; lastKnownFileType = text.plist.xml; path = "GoogleService-Info.plist"; sourceTree = "<group>"; };
/* End PBXFileReference section */

/* Begin PBXFrameworksBuildPhase section */
		223C6CD22F50405900BCC29D /* Frameworks */ = {
			isa = PBXFrameworksBuildPhase;
			buildActionMask = 2147483647;
			files = (
				2295F6FD2F57DFF0000425DF /* FirebaseDatabaseSwift in Frameworks */,
				2295F6F72F57DFF0000425DF /* FirebaseAnalyticsSwift in Frameworks */,
				2295F6F92F57DFF0000425DF /* FirebaseAuth in Frameworks */,
				2295F7012F57DFF0000425DF /* FirebaseFirestoreSwift in Frameworks */,
				2295F6FB2F57DFF0000425DF /* FirebaseDatabase in Frameworks */,
				2295F7032F57DFF0000425DF /* FirebaseStorage in Frameworks */,
				2295F6F52F57DFF0000425DF /* FirebaseAnalytics in Frameworks */,
				2295F6FF2F57DFF0000425DF /* FirebaseFirestore in Frameworks */,
			);
			runOnlyForDeploymentPostprocessing = 0;
		};
		223C6CE32F50405B00BCC29D /* Frameworks */ = {
			isa = PBXFrameworksBuildPhase;
			buildActionMask = 2147483647;
			files = (
			);
			runOnlyForDeploymentPostprocessing = 0;
		};
		223C6CED2F50405B00BCC29D /* Frameworks */ = {
			isa = PBXFrameworksBuildPhase;
			buildActionMask = 2147483647;
			files = (
			);
			runOnlyForDeploymentPostprocessing = 0;
		};
/* End PBXFrameworksBuildPhase section */

/* Begin PBXGroup section */
		223C6CCC2F50405900BCC29D = {
			isa = PBXGroup;
			children = (
				223C6CD72F50405900BCC29D /* BusTicketBooking */,
				223C6CE92F50405B00BCC29D /* BusTicketBookingTests */,
				223C6CF32F50405B00BCC29D /* BusTicketBookingUITests */,
				223C6CD62F50405900BCC29D /* Products */,
			);
			sourceTree = "<group>";
		};
		223C6CD62F50405900BCC29D /* Products */ = {
			isa = PBXGroup;
			children = (
				223C6CD52F50405900BCC29D /* BusTicketBooking.app */,
				223C6CE62F50405B00BCC29D /* BusTicketBookingTests.xctest */,
				223C6CF02F50405B00BCC29D /* BusTicketBookingUITests.xctest */,
			);
			name = Products;
			sourceTree = "<group>";
		};
		223C6CD72F50405900BCC29D /* BusTicketBooking */ = {
			isa = PBXGroup;
			children = (
				2295F7042F57E036000425DF /* GoogleService-Info.plist */,
				223C6D262F50511000BCC29D /* ViewModels */,
				223C6D152F5042E100BCC29D /* Models */,
				223C6D0E2F50414D00BCC29D /* Components */,
				223C6D052F5040F000BCC29D /* Views */,
				223C6CD82F50405900BCC29D /* BusTicketBookingApp.swift */,
				223C6CDA2F50405900BCC29D /* ContentView.swift */,
				223C6CDC2F50405A00BCC29D /* Assets.xcassets */,
				223C6CDE2F50405A00BCC29D /* BusTicketBooking.entitlements */,
				223C6CDF2F50405A00BCC29D /* Preview Content */,
				223C6D032F5040E400BCC29D /* MainTabView.swift */,
			);
			path = BusTicketBooking;
			sourceTree = "<group>";
		};
		223C6CDF2F50405A00BCC29D /* Preview Content */ = {
			isa = PBXGroup;
			children = (
				223C6CE02F50405A00BCC29D /* Preview Assets.xcassets */,
			);
			path = "Preview Content";
			sourceTree = "<group>";
		};
		223C6CE92F50405B00BCC29D /* BusTicketBookingTests */ = {
			isa = PBXGroup;
			children = (
				223C6CEA2F50405B00BCC29D /* BusTicketBookingTests.swift */,
			);
			path = BusTicketBookingTests;
			sourceTree = "<group>";
		};
		223C6CF32F50405B00BCC29D /* BusTicketBookingUITests */ = {
			isa = PBXGroup;
			children = (
				223C6CF42F50405B00BCC29D /* BusTicketBookingUITests.swift */,
				223C6CF62F50405B00BCC29D /* BusTicketBookingUITestsLaunchTests.swift */,
			);
			path = BusTicketBookingUITests;
			sourceTree = "<group>";
		};
		223C6D052F5040F000BCC29D /* Views */ = {
			isa = PBXGroup;
			children = (
				223C6D062F50410A00BCC29D /* HomeView.swift */,
				223C6D082F50411B00BCC29D /* OffersView.swift */,
				223C6D0A2F50413700BCC29D /* TicketsView.swift */,
				223C6D0C2F50414400BCC29D /* MoreView.swift */,
				223C6D1E2F5050D000BCC29D /* SignInView.swift */,
				223C6D1C2F5050C000BCC29D /* SignUpView.swift */,
				223C6D202F5050E000BCC29D /* ForgotPasswordView.swift */,
				223C6D222F5050F000BCC29D /* ChangePasswordView.swift */,
				223C6D242F50510000BCC29D /* ProfileView.swift */,
				223C6D2F2F50516000BCC29D /* NotificationPreferencesView.swift */,
			);
			path = Views;
			sourceTree = "<group>";
		};
		223C6D0E2F50414D00BCC29D /* Components */ = {
			isa = PBXGroup;
			children = (
				223C6D0F2F5042AF00BCC29D /* BannerView.swift */,
				223C6D112F5042C700BCC29D /* RouteCardView.swift */,
				223C6D132F5042D400BCC29D /* Theme.swift */,
			);
			path = Components;
			sourceTree = "<group>";
		};
		223C6D152F5042E100BCC29D /* Models */ = {
			isa = PBXGroup;
			children = (
				223C6D162F5042F000BCC29D /* Route.swift */,
				223C6D1A2F5050B000BCC29D /* UserModel.swift */,
			);
			path = Models;
			sourceTree = "<group>";
		};
		223C6D262F50511000BCC29D /* ViewModels */ = {
			isa = PBXGroup;
			children = (
				223C6D182F5050A000BCC29D /* AuthViewModel.swift */,
			);
			path = ViewModels;
			sourceTree = "<group>";
		};
/* End PBXGroup section */

/* Begin PBXNativeTarget section */
		223C6CD42F50405900BCC29D /* BusTicketBooking */ = {
			isa = PBXNativeTarget;
			buildConfigurationList = 223C6CFA2F50405B00BCC29D /* Build configuration list for PBXNativeTarget "BusTicketBooking" */;
			buildPhases = (
				223C6CD12F50405900BCC29D /* Sources */,
				223C6CD22F50405900BCC29D /* Frameworks */,
				223C6CD32F50405900BCC29D /* Resources */,
			);
			buildRules = (
			);
			dependencies = (
			);
			name = BusTicketBooking;
			packageProductDependencies = (
				2295F6F42F57DFF0000425DF /* FirebaseAnalytics */,
				2295F6F62F57DFF0000425DF /* FirebaseAnalyticsSwift */,
				2295F6F82F57DFF0000425DF /* FirebaseAuth */,
				2295F6FA2F57DFF0000425DF /* FirebaseDatabase */,
				2295F6FC2F57DFF0000425DF /* FirebaseDatabaseSwift */,
				2295F6FE2F57DFF0000425DF /* FirebaseFirestore */,
				2295F7002F57DFF0000425DF /* FirebaseFirestoreSwift */,
				2295F7022F57DFF0000425DF /* FirebaseStorage */,
			);
			productName = BusTicketBooking;
			productReference = 223C6CD52F50405900BCC29D /* BusTicketBooking.app */;
			productType = "com.apple.product-type.application";
		};
		223C6CE52F50405B00BCC29D /* BusTicketBookingTests */ = {
			isa = PBXNativeTarget;
			buildConfigurationList = 223C6CFD2F50405B00BCC29D /* Build configuration list for PBXNativeTarget "BusTicketBookingTests" */;
			buildPhases = (
				223C6CE22F50405B00BCC29D /* Sources */,
				223C6CE32F50405B00BCC29D /* Frameworks */,
				223C6CE42F50405B00BCC29D /* Resources */,
			);
			buildRules = (
			);
			dependencies = (
				223C6CE82F50405B00BCC29D /* PBXTargetDependency */,
			);
			name = BusTicketBookingTests;
			productName = BusTicketBookingTests;
			productReference = 223C6CE62F50405B00BCC29D /* BusTicketBookingTests.xctest */;
			productType = "com.apple.product-type.bundle.unit-test";
		};
		223C6CEF2F50405B00BCC29D /* BusTicketBookingUITests */ = {
			isa = PBXNativeTarget;
			buildConfigurationList = 223C6D002F50405B00BCC29D /* Build configuration list for PBXNativeTarget "BusTicketBookingUITests" */;
			buildPhases = (
				223C6CEC2F50405B00BCC29D /* Sources */,
				223C6CED2F50405B00BCC29D /* Frameworks */,
				223C6CEE2F50405B00BCC29D /* Resources */,
			);
			buildRules = (
			);
			dependencies = (
				223C6CF22F50405B00BCC29D /* PBXTargetDependency */,
			);
			name = BusTicketBookingUITests;
			productName = BusTicketBookingUITests;
			productReference = 223C6CF02F50405B00BCC29D /* BusTicketBookingUITests.xctest */;
			productType = "com.apple.product-type.bundle.ui-testing";
		};
/* End PBXNativeTarget section */

/* Begin PBXProject section */
		223C6CCD2F50405900BCC29D /* Project object */ = {
			isa = PBXProject;
			attributes = {
				BuildIndependentTargetsInParallel = 1;
				LastSwiftUpdateCheck = 1410;
				LastUpgradeCheck = 1410;
				TargetAttributes = {
					223C6CD42F50405900BCC29D = {
						CreatedOnToolsVersion = 14.1;
					};
					223C6CE52F50405B00BCC29D = {
						CreatedOnToolsVersion = 14.1;
						TestTargetID = 223C6CD42F50405900BCC29D;
					};
					223C6CEF2F50405B00BCC29D = {
						CreatedOnToolsVersion = 14.1;
						TestTargetID = 223C6CD42F50405900BCC29D;
					};
				};
			};
			buildConfigurationList = 223C6CD02F50405900BCC29D /* Build configuration list for PBXProject "BusTicketBooking" */;
			compatibilityVersion = "Xcode 14.0";
			developmentRegion = en;
			hasScannedForEncodings = 0;
			knownRegions = (
				en,
				Base,
			);
			mainGroup = 223C6CCC2F50405900BCC29D;
			packageReferences = (
				2295F6F32F57DFF0000425DF /* XCRemoteSwiftPackageReference "firebase-ios-sdk" */,
			);
			productRefGroup = 223C6CD62F50405900BCC29D /* Products */;
			projectDirPath = "";
			projectRoot = "";
			targets = (
				223C6CD42F50405900BCC29D /* BusTicketBooking */,
				223C6CE52F50405B00BCC29D /* BusTicketBookingTests */,
				223C6CEF2F50405B00BCC29D /* BusTicketBookingUITests */,
			);
		};
/* End PBXProject section */

/* Begin PBXResourcesBuildPhase section */
		223C6CD32F50405900BCC29D /* Resources */ = {
			isa = PBXResourcesBuildPhase;
			buildActionMask = 2147483647;
			files = (
				223C6CE12F50405A00BCC29D /* Preview Assets.xcassets in Resources */,
				223C6CDD2F50405A00BCC29D /* Assets.xcassets in Resources */,
				2295F7052F57E036000425DF /* GoogleService-Info.plist in Resources */,
			);
			runOnlyForDeploymentPostprocessing = 0;
		};
		223C6CE42F50405B00BCC29D /* Resources */ = {
			isa = PBXResourcesBuildPhase;
			buildActionMask = 2147483647;
			files = (
			);
			runOnlyForDeploymentPostprocessing = 0;
		};
		223C6CEE2F50405B00BCC29D /* Resources */ = {
			isa = PBXResourcesBuildPhase;
			buildActionMask = 2147483647;
			files = (
			);
			runOnlyForDeploymentPostprocessing = 0;
		};
/* End PBXResourcesBuildPhase section */

/* Begin PBXSourcesBuildPhase section */
		223C6CD12F50405900BCC29D /* Sources */ = {
			isa = PBXSourcesBuildPhase;
			buildActionMask = 2147483647;
			files = (
				223C6D0D2F50414400BCC29D /* MoreView.swift in Sources */,
				223C6D0B2F50413700BCC29D /* TicketsView.swift in Sources */,
				223C6D172F5042F000BCC29D /* Route.swift in Sources */,
				223C6D092F50411B00BCC29D /* OffersView.swift in Sources */,
				223C6CDB2F50405900BCC29D /* ContentView.swift in Sources */,
				223C6D102F5042AF00BCC29D /* BannerView.swift in Sources */,
				223C6D072F50410A00BCC29D /* HomeView.swift in Sources */,
				223C6D122F5042C700BCC29D /* RouteCardView.swift in Sources */,
				223C6D142F5042D400BCC29D /* Theme.swift in Sources */,
				223C6CD92F50405900BCC29D /* BusTicketBookingApp.swift in Sources */,
				223C6D042F5040E400BCC29D /* MainTabView.swift in Sources */,
				223C6D192F5050A000BCC29D /* AuthViewModel.swift in Sources */,
				223C6D1B2F5050B000BCC29D /* UserModel.swift in Sources */,
				223C6D1D2F5050C000BCC29D /* SignUpView.swift in Sources */,
				223C6D1F2F5050D000BCC29D /* SignInView.swift in Sources */,
				223C6D212F5050E000BCC29D /* ForgotPasswordView.swift in Sources */,
				223C6D232F5050F000BCC29D /* ChangePasswordView.swift in Sources */,
				223C6D252F50510000BCC29D /* ProfileView.swift in Sources */,
				223C6D2E2F50516000BCC29D /* NotificationPreferencesView.swift in Sources */,
			);
			runOnlyForDeploymentPostprocessing = 0;
		};
		223C6CE22F50405B00BCC29D /* Sources */ = {
			isa = PBXSourcesBuildPhase;
			buildActionMask = 2147483647;
			files = (
				223C6CEB2F50405B00BCC29D /* BusTicketBookingTests.swift in Sources */,
			);
			runOnlyForDeploymentPostprocessing = 0;
		};
		223C6CEC2F50405B00BCC29D /* Sources */ = {
			isa = PBXSourcesBuildPhase;
			buildActionMask = 2147483647;
			files = (
				223C6CF52F50405B00BCC29D /* BusTicketBookingUITests.swift in Sources */,
				223C6CF72F50405B00BCC29D /* BusTicketBookingUITestsLaunchTests.swift in Sources */,
			);
			runOnlyForDeploymentPostprocessing = 0;
		};
/* End PBXSourcesBuildPhase section */

/* Begin PBXTargetDependency section */
		223C6CE82F50405B00BCC29D /* PBXTargetDependency */ = {
			isa = PBXTargetDependency;
			target = 223C6CD42F50405900BCC29D /* BusTicketBooking */;
			targetProxy = 223C6CE72F50405B00BCC29D /* PBXContainerItemProxy */;
		};
		223C6CF22F50405B00BCC29D /* PBXTargetDependency */ = {
			isa = PBXTargetDependency;
			target = 223C6CD42F50405900BCC29D /* BusTicketBooking */;
			targetProxy = 223C6CF12F50405B00BCC29D /* PBXContainerItemProxy */;
		};
/* End PBXTargetDependency section */

/* Begin XCBuildConfiguration section */
		223C6CF82F50405B00BCC29D /* Debug */ = {
			isa = XCBuildConfiguration;
			buildSettings = {
				ALWAYS_SEARCH_USER_PATHS = NO;
				CLANG_ANALYZER_NONNULL = YES;
				CLANG_ANALYZER_NUMBER_OBJECT_CONVERSION = YES_AGGRESSIVE;
				CLANG_CXX_LANGUAGE_STANDARD = "gnu++20";
				CLANG_ENABLE_MODULES = YES;
				CLANG_ENABLE_OBJC_ARC = YES;
				CLANG_ENABLE_OBJC_WEAK = YES;
				CLANG_WARN_BLOCK_CAPTURE_AUTORELEASING = YES;
				CLANG_WARN_BOOL_CONVERSION = YES;
				CLANG_WARN_COMMA = YES;
				CLANG_WARN_CONSTANT_CONVERSION = YES;
				CLANG_WARN_DEPRECATED_OBJC_IMPLEMENTATIONS = YES;
				CLANG_WARN_DIRECT_OBJC_ISA_USAGE = YES_ERROR;
				CLANG_WARN_DOCUMENTATION_COMMENTS = YES;
				CLANG_WARN_EMPTY_BODY = YES;
				CLANG_WARN_ENUM_CONVERSION = YES;
				CLANG_WARN_INFINITE_RECURSION = YES;
				CLANG_WARN_INT_CONVERSION = YES;
				CLANG_WARN_NON_LITERAL_NULL_CONVERSION = YES;
				CLANG_WARN_OBJC_IMPLICIT_RETAIN_SELF = YES;
				CLANG_WARN_OBJC_LITERAL_CONVERSION = YES;
				CLANG_WARN_OBJC_ROOT_CLASS = YES_ERROR;
				CLANG_WARN_QUOTED_INCLUDE_IN_FRAMEWORK_HEADER = YES;
				CLANG_WARN_RANGE_LOOP_ANALYSIS = YES;
				CLANG_WARN_STRICT_PROTOTYPES = YES;
				CLANG_WARN_SUSPICIOUS_MOVE = YES;
				CLANG_WARN_UNGUARDED_AVAILABILITY = YES_AGGRESSIVE;
				CLANG_WARN_UNREACHABLE_CODE = YES;
				CLANG_WARN__DUPLICATE_METHOD_MATCH = YES;
				COPY_PHASE_STRIP = NO;
				DEBUG_INFORMATION_FORMAT = dwarf;
				ENABLE_STRICT_OBJC_MSGSEND = YES;
				ENABLE_TESTABILITY = YES;
				GCC_C_LANGUAGE_STANDARD = gnu11;
				GCC_DYNAMIC_NO_PIC = NO;
				GCC_NO_COMMON_BLOCKS = YES;
				GCC_OPTIMIZATION_LEVEL = 0;
				GCC_PREPROCESSOR_DEFINITIONS = (
					"DEBUG=1",
					"$(inherited)",
				);
				GCC_WARN_64_TO_32_BIT_CONVERSION = YES;
				GCC_WARN_ABOUT_RETURN_TYPE = YES_ERROR;
				GCC_WARN_UNDECLARED_SELECTOR = YES;
				GCC_WARN_UNINITIALIZED_AUTOS = YES_AGGRESSIVE;
				GCC_WARN_UNUSED_FUNCTION = YES;
				GCC_WARN_UNUSED_VARIABLE = YES;
				MTL_ENABLE_DEBUG_INFO = INCLUDE_SOURCE;
				MTL_FAST_MATH = YES;
				ONLY_ACTIVE_ARCH = YES;
				SWIFT_ACTIVE_COMPILATION_CONDITIONS = DEBUG;
				SWIFT_OPTIMIZATION_LEVEL = "-Onone";
			};
			name = Debug;
		};
		223C6CF92F50405B00BCC29D /* Release */ = {
			isa = XCBuildConfiguration;
			buildSettings = {
				ALWAYS_SEARCH_USER_PATHS = NO;
				CLANG_ANALYZER_NONNULL = YES;
				CLANG_ANALYZER_NUMBER_OBJECT_CONVERSION = YES_AGGRESSIVE;
				CLANG_CXX_LANGUAGE_STANDARD = "gnu++20";
				CLANG_ENABLE_MODULES = YES;
				CLANG_ENABLE_OBJC_ARC = YES;
				CLANG_ENABLE_OBJC_WEAK = YES;
				CLANG_WARN_BLOCK_CAPTURE_AUTORELEASING = YES;
				CLANG_WARN_BOOL_CONVERSION = YES;
				CLANG_WARN_COMMA = YES;
				CLANG_WARN_CONSTANT_CONVERSION = YES;
				CLANG_WARN_DEPRECATED_OBJC_IMPLEMENTATIONS = YES;
				CLANG_WARN_DIRECT_OBJC_ISA_USAGE = YES_ERROR;
				CLANG_WARN_DOCUMENTATION_COMMENTS = YES;
				CLANG_WARN_EMPTY_BODY = YES;
				CLANG_WARN_ENUM_CONVERSION = YES;
				CLANG_WARN_INFINITE_RECURSION = YES;
				CLANG_WARN_INT_CONVERSION = YES;
				CLANG_WARN_NON_LITERAL_NULL_CONVERSION = YES;
				CLANG_WARN_OBJC_IMPLICIT_RETAIN_SELF = YES;
				CLANG_WARN_OBJC_LITERAL_CONVERSION = YES;
				CLANG_WARN_OBJC_ROOT_CLASS = YES_ERROR;
				CLANG_WARN_QUOTED_INCLUDE_IN_FRAMEWORK_HEADER = YES;
				CLANG_WARN_RANGE_LOOP_ANALYSIS = YES;
				CLANG_WARN_STRICT_PROTOTYPES = YES;
				CLANG_WARN_SUSPICIOUS_MOVE = YES;
				CLANG_WARN_UNGUARDED_AVAILABILITY = YES_AGGRESSIVE;
				CLANG_WARN_UNREACHABLE_CODE = YES;
				CLANG_WARN__DUPLICATE_METHOD_MATCH = YES;
				COPY_PHASE_STRIP = NO;
				DEBUG_INFORMATION_FORMAT = "dwarf-with-dsym";
				ENABLE_NS_ASSERTIONS = NO;
				ENABLE_STRICT_OBJC_MSGSEND = YES;
				GCC_C_LANGUAGE_STANDARD = gnu11;
				GCC_NO_COMMON_BLOCKS = YES;
				GCC_WARN_64_TO_32_BIT_CONVERSION = YES;
				GCC_WARN_ABOUT_RETURN_TYPE = YES_ERROR;
				GCC_WARN_UNDECLARED_SELECTOR = YES;
				GCC_WARN_UNINITIALIZED_AUTOS = YES_AGGRESSIVE;
				GCC_WARN_UNUSED_FUNCTION = YES;
				GCC_WARN_UNUSED_VARIABLE = YES;
				MTL_ENABLE_DEBUG_INFO = NO;
				MTL_FAST_MATH = YES;
				SWIFT_COMPILATION_MODE = wholemodule;
				SWIFT_OPTIMIZATION_LEVEL = "-O";
			};
			name = Release;
		};
		223C6CFB2F50405B00BCC29D /* Debug */ = {
			isa = XCBuildConfiguration;
			buildSettings = {
				ASSETCATALOG_COMPILER_APPICON_NAME = AppIcon;
				ASSETCATALOG_COMPILER_GLOBAL_ACCENT_COLOR_NAME = AccentColor;
				CODE_SIGN_ENTITLEMENTS = BusTicketBooking/BusTicketBooking.entitlements;
				"CODE_SIGN_IDENTITY[sdk=macosx*]" = "-";
				CODE_SIGN_STYLE = Automatic;
				CURRENT_PROJECT_VERSION = 1;
				DEVELOPMENT_ASSET_PATHS = "\"BusTicketBooking/Preview Content\"";
				ENABLE_PREVIEWS = YES;
				GENERATE_INFOPLIST_FILE = YES;
				"INFOPLIST_KEY_UIApplicationSceneManifest_Generation[sdk=iphoneos*]" = YES;
				"INFOPLIST_KEY_UIApplicationSceneManifest_Generation[sdk=iphonesimulator*]" = YES;
				"INFOPLIST_KEY_UIApplicationSupportsIndirectInputEvents[sdk=iphoneos*]" = YES;
				"INFOPLIST_KEY_UIApplicationSupportsIndirectInputEvents[sdk=iphonesimulator*]" = YES;
				"INFOPLIST_KEY_UILaunchScreen_Generation[sdk=iphoneos*]" = YES;
				"INFOPLIST_KEY_UILaunchScreen_Generation[sdk=iphonesimulator*]" = YES;
				"INFOPLIST_KEY_UIStatusBarStyle[sdk=iphoneos*]" = UIStatusBarStyleDefault;
				"INFOPLIST_KEY_UIStatusBarStyle[sdk=iphonesimulator*]" = UIStatusBarStyleDefault;
				INFOPLIST_KEY_UISupportedInterfaceOrientations_iPad = "UIInterfaceOrientationPortrait UIInterfaceOrientationPortraitUpsideDown UIInterfaceOrientationLandscapeLeft UIInterfaceOrientationLandscapeRight";
				INFOPLIST_KEY_UISupportedInterfaceOrientations_iPhone = "UIInterfaceOrientationPortrait UIInterfaceOrientationLandscapeLeft UIInterfaceOrientationLandscapeRight";
				IPHONEOS_DEPLOYMENT_TARGET = 16.1;
				LD_RUNPATH_SEARCH_PATHS = "@executable_path/Frameworks";
				"LD_RUNPATH_SEARCH_PATHS[sdk=macosx*]" = "@executable_path/../Frameworks";
				MACOSX_DEPLOYMENT_TARGET = 13.0;
				MARKETING_VERSION = 1.0;
				PRODUCT_BUNDLE_IDENTIFIER = ios.BusTicketBooking;
				PRODUCT_NAME = "$(TARGET_NAME)";
				SDKROOT = auto;
				SUPPORTED_PLATFORMS = "iphoneos iphonesimulator macosx";
				SWIFT_EMIT_LOC_STRINGS = YES;
				SWIFT_VERSION = 5.0;
				TARGETED_DEVICE_FAMILY = "1,2";
			};
			name = Debug;
		};
		223C6CFC2F50405B00BCC29D /* Release */ = {
			isa = XCBuildConfiguration;
			buildSettings = {
				ASSETCATALOG_COMPILER_APPICON_NAME = AppIcon;
				ASSETCATALOG_COMPILER_GLOBAL_ACCENT_COLOR_NAME = AccentColor;
				CODE_SIGN_ENTITLEMENTS = BusTicketBooking/BusTicketBooking.entitlements;
				"CODE_SIGN_IDENTITY[sdk=macosx*]" = "-";
				CODE_SIGN_STYLE = Automatic;
				CURRENT_PROJECT_VERSION = 1;
				DEVELOPMENT_ASSET_PATHS = "\"BusTicketBooking/Preview Content\"";
				ENABLE_PREVIEWS = YES;
				GENERATE_INFOPLIST_FILE = YES;
				"INFOPLIST_KEY_UIApplicationSceneManifest_Generation[sdk=iphoneos*]" = YES;
				"INFOPLIST_KEY_UIApplicationSceneManifest_Generation[sdk=iphonesimulator*]" = YES;
				"INFOPLIST_KEY_UIApplicationSupportsIndirectInputEvents[sdk=iphoneos*]" = YES;
				"INFOPLIST_KEY_UIApplicationSupportsIndirectInputEvents[sdk=iphonesimulator*]" = YES;
				"INFOPLIST_KEY_UILaunchScreen_Generation[sdk=iphoneos*]" = YES;
				"INFOPLIST_KEY_UILaunchScreen_Generation[sdk=iphonesimulator*]" = YES;
				"INFOPLIST_KEY_UIStatusBarStyle[sdk=iphoneos*]" = UIStatusBarStyleDefault;
				"INFOPLIST_KEY_UIStatusBarStyle[sdk=iphonesimulator*]" = UIStatusBarStyleDefault;
				INFOPLIST_KEY_UISupportedInterfaceOrientations_iPad = "UIInterfaceOrientationPortrait UIInterfaceOrientationPortraitUpsideDown UIInterfaceOrientationLandscapeLeft UIInterfaceOrientationLandscapeRight";
				INFOPLIST_KEY_UISupportedInterfaceOrientations_iPhone = "UIInterfaceOrientationPortrait UIInterfaceOrientationLandscapeLeft UIInterfaceOrientationLandscapeRight";
				IPHONEOS_DEPLOYMENT_TARGET = 16.1;
				LD_RUNPATH_SEARCH_PATHS = "@executable_path/Frameworks";
				"LD_RUNPATH_SEARCH_PATHS[sdk=macosx*]" = "@executable_path/../Frameworks";
				MACOSX_DEPLOYMENT_TARGET = 13.0;
				MARKETING_VERSION = 1.0;
				PRODUCT_BUNDLE_IDENTIFIER = ios.BusTicketBooking;
				PRODUCT_NAME = "$(TARGET_NAME)";
				SDKROOT = auto;
				SUPPORTED_PLATFORMS = "iphoneos iphonesimulator macosx";
				SWIFT_EMIT_LOC_STRINGS = YES;
				SWIFT_VERSION = 5.0;
				TARGETED_DEVICE_FAMILY = "1,2";
			};
			name = Release;
		};
		223C6CFE2F50405B00BCC29D /* Debug */ = {
			isa = XCBuildConfiguration;
			buildSettings = {
				ALWAYS_EMBED_SWIFT_STANDARD_LIBRARIES = YES;
				BUNDLE_LOADER = "$(TEST_HOST)";
				CODE_SIGN_STYLE = Automatic;
				CURRENT_PROJECT_VERSION = 1;
				GENERATE_INFOPLIST_FILE = YES;
				IPHONEOS_DEPLOYMENT_TARGET = 16.1;
				MACOSX_DEPLOYMENT_TARGET = 13.0;
				MARKETING_VERSION = 1.0;
				PRODUCT_BUNDLE_IDENTIFIER = ios.BusTicketBookingTests;
				PRODUCT_NAME = "$(TARGET_NAME)";
				SDKROOT = auto;
				SUPPORTED_PLATFORMS = "iphoneos iphonesimulator macosx";
				SWIFT_EMIT_LOC_STRINGS = NO;
				SWIFT_VERSION = 5.0;
				TARGETED_DEVICE_FAMILY = "1,2";
				TEST_HOST = "$(BUILT_PRODUCTS_DIR)/BusTicketBooking.app/$(BUNDLE_EXECUTABLE_FOLDER_PATH)/BusTicketBooking";
			};
			name = Debug;
		};
		223C6CFF2F50405B00BCC29D /* Release */ = {
			isa = XCBuildConfiguration;
			buildSettings = {
				ALWAYS_EMBED_SWIFT_STANDARD_LIBRARIES = YES;
				BUNDLE_LOADER = "$(TEST_HOST)";
				CODE_SIGN_STYLE = Automatic;
				CURRENT_PROJECT_VERSION = 1;
				GENERATE_INFOPLIST_FILE = YES;
				IPHONEOS_DEPLOYMENT_TARGET = 16.1;
				MACOSX_DEPLOYMENT_TARGET = 13.0;
				MARKETING_VERSION = 1.0;
				PRODUCT_BUNDLE_IDENTIFIER = ios.BusTicketBookingTests;
				PRODUCT_NAME = "$(TARGET_NAME)";
				SDKROOT = auto;
				SUPPORTED_PLATFORMS = "iphoneos iphonesimulator macosx";
				SWIFT_EMIT_LOC_STRINGS = NO;
				SWIFT_VERSION = 5.0;
				TARGETED_DEVICE_FAMILY = "1,2";
				TEST_HOST = "$(BUILT_PRODUCTS_DIR)/BusTicketBooking.app/$(BUNDLE_EXECUTABLE_FOLDER_PATH)/BusTicketBooking";
			};
			name = Release;
		};
		223C6D012F50405B00BCC29D /* Debug */ = {
			isa = XCBuildConfiguration;
			buildSettings = {
				ALWAYS_EMBED_SWIFT_STANDARD_LIBRARIES = YES;
				CODE_SIGN_STYLE = Automatic;
				CURRENT_PROJECT_VERSION = 1;
				GENERATE_INFOPLIST_FILE = YES;
				IPHONEOS_DEPLOYMENT_TARGET = 16.1;
				MACOSX_DEPLOYMENT_TARGET = 13.0;
				MARKETING_VERSION = 1.0;
				PRODUCT_BUNDLE_IDENTIFIER = ios.BusTicketBookingUITests;
				PRODUCT_NAME = "$(TARGET_NAME)";
				SDKROOT = auto;
				SUPPORTED_PLATFORMS = "iphoneos iphonesimulator macosx";
				SWIFT_EMIT_LOC_STRINGS = NO;
				SWIFT_VERSION = 5.0;
				TARGETED_DEVICE_FAMILY = "1,2";
				TEST_TARGET_NAME = BusTicketBooking;
			};
			name = Debug;
		};
		223C6D022F50405B00BCC29D /* Release */ = {
			isa = XCBuildConfiguration;
			buildSettings = {
				ALWAYS_EMBED_SWIFT_STANDARD_LIBRARIES = YES;
				CODE_SIGN_STYLE = Automatic;
				CURRENT_PROJECT_VERSION = 1;
				GENERATE_INFOPLIST_FILE = YES;
				IPHONEOS_DEPLOYMENT_TARGET = 16.1;
				MACOSX_DEPLOYMENT_TARGET = 13.0;
				MARKETING_VERSION = 1.0;
				PRODUCT_BUNDLE_IDENTIFIER = ios.BusTicketBookingUITests;
				PRODUCT_NAME = "$(TARGET_NAME)";
				SDKROOT = auto;
				SUPPORTED_PLATFORMS = "iphoneos iphonesimulator macosx";
				SWIFT_EMIT_LOC_STRINGS = NO;
				SWIFT_VERSION = 5.0;
				TARGETED_DEVICE_FAMILY = "1,2";
				TEST_TARGET_NAME = BusTicketBooking;
			};
			name = Release;
		};
/* End XCBuildConfiguration section */

/* Begin XCConfigurationList section */
		223C6CD02F50405900BCC29D /* Build configuration list for PBXProject "BusTicketBooking" */ = {
			isa = XCConfigurationList;
			buildConfigurations = (
				223C6CF82F50405B00BCC29D /* Debug */,
				223C6CF92F50405B00BCC29D /* Release */,
			);
			defaultConfigurationIsVisible = 0;
			defaultConfigurationName = Release;
		};
		223C6CFA2F50405B00BCC29D /* Build configuration list for PBXNativeTarget "BusTicketBooking" */ = {
			isa = XCConfigurationList;
			buildConfigurations = (
				223C6CFB2F50405B00BCC29D /* Debug */,
				223C6CFC2F50405B00BCC29D /* Release */,
			);
			defaultConfigurationIsVisible = 0;
			defaultConfigurationName = Release;
		};
		223C6CFD2F50405B00BCC29D /* Build configuration list for PBXNativeTarget "BusTicketBookingTests" */ = {
			isa = XCConfigurationList;
			buildConfigurations = (
				223C6CFE2F50405B00BCC29D /* Debug */,
				223C6CFF2F50405B00BCC29D /* Release */,
			);
			defaultConfigurationIsVisible = 0;
			defaultConfigurationName = Release;
		};
		223C6D002F50405B00BCC29D /* Build configuration list for PBXNativeTarget "BusTicketBookingUITests" */ = {
			isa = XCConfigurationList;
			buildConfigurations = (
				223C6D012F50405B00BCC29D /* Debug */,
				223C6D022F50405B00BCC29D /* Release */,
			);
			defaultConfigurationIsVisible = 0;
			defaultConfigurationName = Release;
		};
/* End XCConfigurationList section */

/* Begin XCRemoteSwiftPackageReference section */
		2295F6F32F57DFF0000425DF /* XCRemoteSwiftPackageReference "firebase-ios-sdk" */ = {
			isa = XCRemoteSwiftPackageReference;
			repositoryURL = "https://github.com/firebase/firebase-ios-sdk";
			requirement = {
				kind = upToNextMajorVersion;
				minimumVersion = 9.0.0;
			};
		};
/* End XCRemoteSwiftPackageReference section */

/* Begin XCSwiftPackageProductDependency section */
		2295F6F42F57DFF0000425DF /* FirebaseAnalytics */ = {
			isa = XCSwiftPackageProductDependency;
			package = 2295F6F32F57DFF0000425DF /* XCRemoteSwiftPackageReference "firebase-ios-sdk" */;
			productName = FirebaseAnalytics;
		};
		2295F6F62F57DFF0000425DF /* FirebaseAnalyticsSwift */ = {
			isa = XCSwiftPackageProductDependency;
			package = 2295F6F32F57DFF0000425DF /* XCRemoteSwiftPackageReference "firebase-ios-sdk" */;
			productName = FirebaseAnalyticsSwift;
		};
		2295F6F82F57DFF0000425DF /* FirebaseAuth */ = {
			isa = XCSwiftPackageProductDependency;
			package = 2295F6F32F57DFF0000425DF /* XCRemoteSwiftPackageReference "firebase-ios-sdk" */;
			productName = FirebaseAuth;
		};
		2295F6FA2F57DFF0000425DF /* FirebaseDatabase */ = {
			isa = XCSwiftPackageProductDependency;
			package = 2295F6F32F57DFF0000425DF /* XCRemoteSwiftPackageReference "firebase-ios-sdk" */;
			productName = FirebaseDatabase;
		};
		2295F6FC2F57DFF0000425DF /* FirebaseDatabaseSwift */ = {
			isa = XCSwiftPackageProductDependency;
			package = 2295F6F32F57DFF0000425DF /* XCRemoteSwiftPackageReference "firebase-ios-sdk" */;
			productName = FirebaseDatabaseSwift;
		};
		2295F6FE2F57DFF0000425DF /* FirebaseFirestore */ = {
			isa = XCSwiftPackageProductDependency;
			package = 2295F6F32F57DFF0000425DF /* XCRemoteSwiftPackageReference "firebase-ios-sdk" */;
			productName = FirebaseFirestore;
		};
		2295F7002F57DFF0000425DF /* FirebaseFirestoreSwift */ = {
			isa = XCSwiftPackageProductDependency;
			package = 2295F6F32F57DFF0000425DF /* XCRemoteSwiftPackageReference "firebase-ios-sdk" */;
			productName = FirebaseFirestoreSwift;
		};
		2295F7022F57DFF0000425DF /* FirebaseStorage */ = {
			isa = XCSwiftPackageProductDependency;
			package = 2295F6F32F57DFF0000425DF /* XCRemoteSwiftPackageReference "firebase-ios-sdk" */;
			productName = FirebaseStorage;
		};
/* End XCSwiftPackageProductDependency section */
	};
	rootObject = 223C6CCD2F50405900BCC29D /* Project object */;
}
